
Microsoft Visual Studio Solution File, Format Version 12.00
# Visual Studio Version 16
VisualStudioVersion = 16.0.30225.117
MinimumVisualStudioVersion = 10.0.40219.1
Project("{9A19103F-16F7-4668-BE54-9A1E7A4F7556}") = "Neruko.Server", "Neruko\Server\Neruko.Server.csproj", "{D19CCE2B-FF0D-42D3-B552-E5F3C17D0E7A}"
EndProject
Project("{9A19103F-16F7-4668-BE54-9A1E7A4F7556}") = "Neruko.Client", "Neruko\Client\Neruko.Client.csproj", "{1563AC64-0C99-45D6-9A18-28573C7804ED}"
EndProject
Project("{9A19103F-16F7-4668-BE54-9A1E7A4F7556}") = "Neruko.Shared", "Neruko\Shared\Neruko.Shared.csproj", "{BDCCA055-1D6D-4A13-92A4-7CC1D169D3F0}"
EndProject
Global
	GlobalSection(SolutionConfigurationPlatforms) = preSolution
		Debug|Any CPU = Debug|Any CPU
		Release|Any CPU = Release|Any CPU
	EndGlobalSection
	GlobalSection(ProjectConfigurationPlatforms) = postSolution
		{D19CCE2B-FF0D-42D3-B552-E5F3C17D0E7A}.Debug|Any CPU.ActiveCfg = Debug|Any CPU
		{D19CCE2B-FF0D-42D3-B552-E5F3C17D0E7A}.Debug|Any CPU.Build.0 = Debug|Any CPU
		{D19CCE2B-FF0D-42D3-B552-E5F3C17D0E7A}.Release|Any CPU.ActiveCfg = Release|Any CPU
		{D19CCE2B-FF0D-42D3-B552-E5F3C17D0E7A}.Release|Any CPU.Build.0 = Release|Any CPU
		{1563AC64-0C99-45D6-9A18-28573C7804ED}.Debug|Any CPU.ActiveCfg = Debug|Any CPU
		{1563AC64-0C99-45D6-9A18-28573C7804ED}.Debug|Any CPU.Build.0 = Debug|Any CPU
		{1563AC64-0C99-45D6-9A18-28573C7804ED}.Release|Any CPU.ActiveCfg = Release|Any CPU
		{1563AC64-0C99-45D6-9A18-28573C7804ED}.Release|Any CPU.Build.0 = Release|Any CPU
		{BDCCA055-1D6D-4A13-92A4-7CC1D169D3F0}.Debug|Any CPU.ActiveCfg = Debug|Any CPU
		{BDCCA055-1D6D-4A13-92A4-7CC1D169D3F0}.Debug|Any CPU.Build.0 = Debug|Any CPU
		{BDCCA055-1D6D-4A13-92A4-7CC1D169D3F0}.Release|Any CPU.ActiveCfg = Release|Any CPU
		{BDCCA055-1D6D-4A13-92A4-7CC1D169D3F0}.Release|Any CPU.Build.0 = Release|Any CPU
	EndGlobalSection
	GlobalSection(SolutionProperties) = preSolution
		HideSolutionNode = FALSE
	EndGlobalSection
	GlobalSection(ExtensibilityGlobals) = postSolution
		SolutionGuid = {38B72292-86D6-4367-A133-CFCCA3DEB6F4}
	EndGlobalSection
EndGlobal
