
Microsoft Visual Studio Solution File, Format Version 12.00
# Visual Studio Version 16
VisualStudioVersion = 16.0.30225.117
MinimumVisualStudioVersion = 10.0.40219.1
Project("{FAE04EC0-301F-11D3-BF4B-00C04F79EFBC}") = "HyperShift.Server", "HyperShift\Server\HyperShift.Server.csproj", "{3D53405F-A4D3-48CB-984A-F05366F51DAE}"
EndProject
Project("{FAE04EC0-301F-11D3-BF4B-00C04F79EFBC}") = "HyperShift.Client", "HyperShift\Client\HyperShift.Client.csproj", "{CF531A5C-48E7-4285-A70A-AC1C45B1C303}"
EndProject
Project("{FAE04EC0-301F-11D3-BF4B-00C04F79EFBC}") = "HyperShift.Shared", "HyperShift\Shared\HyperShift.Shared.csproj", "{E43A3612-F5F0-409B-805A-C0A56E88B8C7}"
EndProject
Global
	GlobalSection(SolutionConfigurationPlatforms) = preSolution
		Debug|Any CPU = Debug|Any CPU
		Release|Any CPU = Release|Any CPU
	EndGlobalSection
	GlobalSection(ProjectConfigurationPlatforms) = postSolution
		{3D53405F-A4D3-48CB-984A-F05366F51DAE}.Debug|Any CPU.ActiveCfg = Debug|Any CPU
		{3D53405F-A4D3-48CB-984A-F05366F51DAE}.Debug|Any CPU.Build.0 = Debug|Any CPU
		{3D53405F-A4D3-48CB-984A-F05366F51DAE}.Release|Any CPU.ActiveCfg = Release|Any CPU
		{3D53405F-A4D3-48CB-984A-F05366F51DAE}.Release|Any CPU.Build.0 = Release|Any CPU
		{CF531A5C-48E7-4285-A70A-AC1C45B1C303}.Debug|Any CPU.ActiveCfg = Debug|Any CPU
		{CF531A5C-48E7-4285-A70A-AC1C45B1C303}.Debug|Any CPU.Build.0 = Debug|Any CPU
		{CF531A5C-48E7-4285-A70A-AC1C45B1C303}.Release|Any CPU.ActiveCfg = Release|Any CPU
		{CF531A5C-48E7-4285-A70A-AC1C45B1C303}.Release|Any CPU.Build.0 = Release|Any CPU
		{E43A3612-F5F0-409B-805A-C0A56E88B8C7}.Debug|Any CPU.ActiveCfg = Debug|Any CPU
		{E43A3612-F5F0-409B-805A-C0A56E88B8C7}.Debug|Any CPU.Build.0 = Debug|Any CPU
		{E43A3612-F5F0-409B-805A-C0A56E88B8C7}.Release|Any CPU.ActiveCfg = Release|Any CPU
		{E43A3612-F5F0-409B-805A-C0A56E88B8C7}.Release|Any CPU.Build.0 = Release|Any CPU
	EndGlobalSection
	GlobalSection(SolutionProperties) = preSolution
		HideSolutionNode = FALSE
	EndGlobalSection
	GlobalSection(ExtensibilityGlobals) = postSolution
		SolutionGuid = {38B72292-86D6-4367-A133-CFCCA3DEB6F4}
	EndGlobalSection
EndGlobal
